
Microsoft Visual Studio Solution File, Format Version 12.00
# Visual Studio Version 17
VisualStudioVersion = 17.8.34525.116
MinimumVisualStudioVersion = 10.0.40219.1
Project("{9A19103F-16F7-4668-BE54-9A1E7A4F7556}") = "EFCodeFirst", "EFCodeFirst\EFCodeFirst.csproj", "{D2094350-29FA-4FDC-A142-7D0F96A048F2}"
EndProject
Project("{FAE04EC0-301F-11D3-BF4B-00C04F79EFBC}") = "SMSLibrary", "SMSLibrary\SMSLibrary.csproj", "{12205EAC-6886-4E95-8C5F-0541E00EEEDA}"
EndProject
Project("{FAE04EC0-301F-11D3-BF4B-00C04F79EFBC}") = "DisplayTable", "DisplayTable\DisplayTable.csproj", "{BC695B8D-278F-430A-8372-FC8949EB781D}"
EndProject
Global
	GlobalSection(SolutionConfigurationPlatforms) = preSolution
		Debug|Any CPU = Debug|Any CPU
		Release|Any CPU = Release|Any CPU
	EndGlobalSection
	GlobalSection(ProjectConfigurationPlatforms) = postSolution
		{D2094350-29FA-4FDC-A142-7D0F96A048F2}.Debug|Any CPU.ActiveCfg = Debug|Any CPU
		{D2094350-29FA-4FDC-A142-7D0F96A048F2}.Debug|Any CPU.Build.0 = Debug|Any CPU
		{D2094350-29FA-4FDC-A142-7D0F96A048F2}.Release|Any CPU.ActiveCfg = Release|Any CPU
		{D2094350-29FA-4FDC-A142-7D0F96A048F2}.Release|Any CPU.Build.0 = Release|Any CPU
		{12205EAC-6886-4E95-8C5F-0541E00EEEDA}.Debug|Any CPU.ActiveCfg = Debug|Any CPU
		{12205EAC-6886-4E95-8C5F-0541E00EEEDA}.Debug|Any CPU.Build.0 = Debug|Any CPU
		{12205EAC-6886-4E95-8C5F-0541E00EEEDA}.Release|Any CPU.ActiveCfg = Release|Any CPU
		{12205EAC-6886-4E95-8C5F-0541E00EEEDA}.Release|Any CPU.Build.0 = Release|Any CPU
		{BC695B8D-278F-430A-8372-FC8949EB781D}.Debug|Any CPU.ActiveCfg = Debug|Any CPU
		{BC695B8D-278F-430A-8372-FC8949EB781D}.Debug|Any CPU.Build.0 = Debug|Any CPU
		{BC695B8D-278F-430A-8372-FC8949EB781D}.Release|Any CPU.ActiveCfg = Release|Any CPU
		{BC695B8D-278F-430A-8372-FC8949EB781D}.Release|Any CPU.Build.0 = Release|Any CPU
	EndGlobalSection
	GlobalSection(SolutionProperties) = preSolution
		HideSolutionNode = FALSE
	EndGlobalSection
	GlobalSection(ExtensibilityGlobals) = postSolution
		SolutionGuid = {F73FCBC9-14C3-448A-B0C8-F92E461DAB28}
	EndGlobalSection
EndGlobal
