
Microsoft Visual Studio Solution File, Format Version 12.00
# Visual Studio Version 17
VisualStudioVersion = 17.8.34525.116
MinimumVisualStudioVersion = 10.0.40219.1
Project("{9A19103F-16F7-4668-BE54-9A1E7A4F7556}") = "IMSManager", "IMSManager\IMSManager.csproj", "{DD0B77F1-F996-464B-8C08-522C8329B126}"
EndProject
Project("{FAE04EC0-301F-11D3-BF4B-00C04F79EFBC}") = "IMSLibrary", "IMSLibrary\IMSLibrary.csproj", "{C72C0CD7-8CFE-44C1-ADDC-22FC4B54D0A6}"
EndProject
Global
	GlobalSection(SolutionConfigurationPlatforms) = preSolution
		Debug|Any CPU = Debug|Any CPU
		Release|Any CPU = Release|Any CPU
	EndGlobalSection
	GlobalSection(ProjectConfigurationPlatforms) = postSolution
		{DD0B77F1-F996-464B-8C08-522C8329B126}.Debug|Any CPU.ActiveCfg = Debug|Any CPU
		{DD0B77F1-F996-464B-8C08-522C8329B126}.Debug|Any CPU.Build.0 = Debug|Any CPU
		{DD0B77F1-F996-464B-8C08-522C8329B126}.Release|Any CPU.ActiveCfg = Release|Any CPU
		{DD0B77F1-F996-464B-8C08-522C8329B126}.Release|Any CPU.Build.0 = Release|Any CPU
		{C72C0CD7-8CFE-44C1-ADDC-22FC4B54D0A6}.Debug|Any CPU.ActiveCfg = Debug|Any CPU
		{C72C0CD7-8CFE-44C1-ADDC-22FC4B54D0A6}.Debug|Any CPU.Build.0 = Debug|Any CPU
		{C72C0CD7-8CFE-44C1-ADDC-22FC4B54D0A6}.Release|Any CPU.ActiveCfg = Release|Any CPU
		{C72C0CD7-8CFE-44C1-ADDC-22FC4B54D0A6}.Release|Any CPU.Build.0 = Release|Any CPU
	EndGlobalSection
	GlobalSection(SolutionProperties) = preSolution
		HideSolutionNode = FALSE
	EndGlobalSection
	GlobalSection(ExtensibilityGlobals) = postSolution
		SolutionGuid = {6A081885-1E84-483F-A408-05379BF8F699}
	EndGlobalSection
EndGlobal
