
Microsoft Visual Studio Solution File, Format Version 12.00
# Visual Studio Version 17
VisualStudioVersion = 17.13.35806.99 d17.13
MinimumVisualStudioVersion = 10.0.40219.1
Project("{FAE04EC0-301F-11D3-BF4B-00C04F79EFBC}") = "demo1", "demo1\demo1.csproj", "{A5EC265B-7350-4A27-AFE6-C5BF283C0547}"
EndProject
Global
	GlobalSection(SolutionConfigurationPlatforms) = preSolution
		Debug|Any CPU = Debug|Any CPU
		Release|Any CPU = Release|Any CPU
	EndGlobalSection
	GlobalSection(ProjectConfigurationPlatforms) = postSolution
		{A5EC265B-7350-4A27-AFE6-C5BF283C0547}.Debug|Any CPU.ActiveCfg = Debug|Any CPU
		{A5EC265B-7350-4A27-AFE6-C5BF283C0547}.Debug|Any CPU.Build.0 = Debug|Any CPU
		{A5EC265B-7350-4A27-AFE6-C5BF283C0547}.Release|Any CPU.ActiveCfg = Release|Any CPU
		{A5EC265B-7350-4A27-AFE6-C5BF283C0547}.Release|Any CPU.Build.0 = Release|Any CPU
	EndGlobalSection
	GlobalSection(SolutionProperties) = preSolution
		HideSolutionNode = FALSE
	EndGlobalSection
	GlobalSection(ExtensibilityGlobals) = postSolution
		SolutionGuid = {E94F3BA0-0311-419D-880E-D192760792B0}
	EndGlobalSection
EndGlobal
