
Microsoft Visual Studio Solution File, Format Version 12.00
# Visual Studio Version 17
VisualStudioVersion = 17.12.35707.178
MinimumVisualStudioVersion = 10.0.40219.1
Project("{FAE04EC0-301F-11D3-BF4B-00C04F79EFBC}") = "Question1", "Question1\Question1.csproj", "{4A1D1198-2089-48E9-A12C-2FE9CC9767D9}"
EndProject
Project("{FAE04EC0-301F-11D3-BF4B-00C04F79EFBC}") = "Question2", "Question2\Question2.csproj", "{1EA89AB7-BF13-400C-B81E-9ACE749A6E5E}"
EndProject
Global
	GlobalSection(SolutionConfigurationPlatforms) = preSolution
		Debug|Any CPU = Debug|Any CPU
		Release|Any CPU = Release|Any CPU
	EndGlobalSection
	GlobalSection(ProjectConfigurationPlatforms) = postSolution
		{4A1D1198-2089-48E9-A12C-2FE9CC9767D9}.Debug|Any CPU.ActiveCfg = Debug|Any CPU
		{4A1D1198-2089-48E9-A12C-2FE9CC9767D9}.Debug|Any CPU.Build.0 = Debug|Any CPU
		{4A1D1198-2089-48E9-A12C-2FE9CC9767D9}.Release|Any CPU.ActiveCfg = Release|Any CPU
		{4A1D1198-2089-48E9-A12C-2FE9CC9767D9}.Release|Any CPU.Build.0 = Release|Any CPU
		{1EA89AB7-BF13-400C-B81E-9ACE749A6E5E}.Debug|Any CPU.ActiveCfg = Debug|Any CPU
		{1EA89AB7-BF13-400C-B81E-9ACE749A6E5E}.Debug|Any CPU.Build.0 = Debug|Any CPU
		{1EA89AB7-BF13-400C-B81E-9ACE749A6E5E}.Release|Any CPU.ActiveCfg = Release|Any CPU
		{1EA89AB7-BF13-400C-B81E-9ACE749A6E5E}.Release|Any CPU.Build.0 = Release|Any CPU
	EndGlobalSection
	GlobalSection(SolutionProperties) = preSolution
		HideSolutionNode = FALSE
	EndGlobalSection
EndGlobal
