
Microsoft Visual Studio Solution File, Format Version 12.00
# Visual Studio Version 17
VisualStudioVersion = 17.7.34221.43
MinimumVisualStudioVersion = 10.0.40219.1
Project("{9A19103F-16F7-4668-BE54-9A1E7A4F7556}") = "InventoryTrackerControl", "InventoryTrackerControl\InventoryTrackerControl.csproj", "{172A2B55-93C8-4B40-8A0C-3262E7AE0465}"
EndProject
Project("{9A19103F-16F7-4668-BE54-9A1E7A4F7556}") = "Client", "Client\Client.csproj", "{F70A965D-F53C-4203-8295-D11A4EC09D2A}"
EndProject
Project("{FAE04EC0-301F-11D3-BF4B-00C04F79EFBC}") = "StudentManagement", "StudentManagement\StudentManagement.csproj", "{6A7E547C-63C9-454F-B920-A09F0B5BF431}"
EndProject
Global
	GlobalSection(SolutionConfigurationPlatforms) = preSolution
		Debug|Any CPU = Debug|Any CPU
		Release|Any CPU = Release|Any CPU
	EndGlobalSection
	GlobalSection(ProjectConfigurationPlatforms) = postSolution
		{172A2B55-93C8-4B40-8A0C-3262E7AE0465}.Debug|Any CPU.ActiveCfg = Debug|Any CPU
		{172A2B55-93C8-4B40-8A0C-3262E7AE0465}.Debug|Any CPU.Build.0 = Debug|Any CPU
		{172A2B55-93C8-4B40-8A0C-3262E7AE0465}.Release|Any CPU.ActiveCfg = Release|Any CPU
		{172A2B55-93C8-4B40-8A0C-3262E7AE0465}.Release|Any CPU.Build.0 = Release|Any CPU
		{F70A965D-F53C-4203-8295-D11A4EC09D2A}.Debug|Any CPU.ActiveCfg = Debug|Any CPU
		{F70A965D-F53C-4203-8295-D11A4EC09D2A}.Debug|Any CPU.Build.0 = Debug|Any CPU
		{F70A965D-F53C-4203-8295-D11A4EC09D2A}.Release|Any CPU.ActiveCfg = Release|Any CPU
		{F70A965D-F53C-4203-8295-D11A4EC09D2A}.Release|Any CPU.Build.0 = Release|Any CPU
		{6A7E547C-63C9-454F-B920-A09F0B5BF431}.Debug|Any CPU.ActiveCfg = Debug|Any CPU
		{6A7E547C-63C9-454F-B920-A09F0B5BF431}.Debug|Any CPU.Build.0 = Debug|Any CPU
		{6A7E547C-63C9-454F-B920-A09F0B5BF431}.Release|Any CPU.ActiveCfg = Release|Any CPU
		{6A7E547C-63C9-454F-B920-A09F0B5BF431}.Release|Any CPU.Build.0 = Release|Any CPU
	EndGlobalSection
	GlobalSection(SolutionProperties) = preSolution
		HideSolutionNode = FALSE
	EndGlobalSection
	GlobalSection(ExtensibilityGlobals) = postSolution
		SolutionGuid = {F750AC43-A03C-4FBF-9EE5-4933314108D0}
	EndGlobalSection
EndGlobal
