
Microsoft Visual Studio Solution File, Format Version 12.00
# Visual Studio Version 17
VisualStudioVersion = 17.11.35303.130
MinimumVisualStudioVersion = 10.0.40219.1
Project("{FAE04EC0-301F-11D3-BF4B-00C04F79EFBC}") = "Atom", "Atom\Atom.csproj", "{804C4984-2F05-40CE-ABA3-6EA7385CD1CF}"
EndProject
Project("{FAE04EC0-301F-11D3-BF4B-00C04F79EFBC}") = "Complex", "Complex\Complex.csproj", "{46378EB1-6917-406D-9206-50106ECB23BE}"
EndProject
Project("{FAE04EC0-301F-11D3-BF4B-00C04F79EFBC}") = "SerializationDemo", "SerializationDemo\SerializationDemo.csproj", "{4719050E-104C-43AE-BA2B-B8DE07BAC2FF}"
EndProject
Project("{FAE04EC0-301F-11D3-BF4B-00C04F79EFBC}") = "RefDemo", "RefDemo\RefDemo.csproj", "{D8768680-AA11-4F5F-B49D-856E26CD0D15}"
EndProject
Global
	GlobalSection(SolutionConfigurationPlatforms) = preSolution
		Debug|Any CPU = Debug|Any CPU
		Release|Any CPU = Release|Any CPU
	EndGlobalSection
	GlobalSection(ProjectConfigurationPlatforms) = postSolution
		{804C4984-2F05-40CE-ABA3-6EA7385CD1CF}.Debug|Any CPU.ActiveCfg = Debug|Any CPU
		{804C4984-2F05-40CE-ABA3-6EA7385CD1CF}.Debug|Any CPU.Build.0 = Debug|Any CPU
		{804C4984-2F05-40CE-ABA3-6EA7385CD1CF}.Release|Any CPU.ActiveCfg = Release|Any CPU
		{804C4984-2F05-40CE-ABA3-6EA7385CD1CF}.Release|Any CPU.Build.0 = Release|Any CPU
		{46378EB1-6917-406D-9206-50106ECB23BE}.Debug|Any CPU.ActiveCfg = Debug|Any CPU
		{46378EB1-6917-406D-9206-50106ECB23BE}.Debug|Any CPU.Build.0 = Debug|Any CPU
		{46378EB1-6917-406D-9206-50106ECB23BE}.Release|Any CPU.ActiveCfg = Release|Any CPU
		{46378EB1-6917-406D-9206-50106ECB23BE}.Release|Any CPU.Build.0 = Release|Any CPU
		{4719050E-104C-43AE-BA2B-B8DE07BAC2FF}.Debug|Any CPU.ActiveCfg = Debug|Any CPU
		{4719050E-104C-43AE-BA2B-B8DE07BAC2FF}.Debug|Any CPU.Build.0 = Debug|Any CPU
		{4719050E-104C-43AE-BA2B-B8DE07BAC2FF}.Release|Any CPU.ActiveCfg = Release|Any CPU
		{4719050E-104C-43AE-BA2B-B8DE07BAC2FF}.Release|Any CPU.Build.0 = Release|Any CPU
		{D8768680-AA11-4F5F-B49D-856E26CD0D15}.Debug|Any CPU.ActiveCfg = Debug|Any CPU
		{D8768680-AA11-4F5F-B49D-856E26CD0D15}.Debug|Any CPU.Build.0 = Debug|Any CPU
		{D8768680-AA11-4F5F-B49D-856E26CD0D15}.Release|Any CPU.ActiveCfg = Release|Any CPU
		{D8768680-AA11-4F5F-B49D-856E26CD0D15}.Release|Any CPU.Build.0 = Release|Any CPU
	EndGlobalSection
	GlobalSection(SolutionProperties) = preSolution
		HideSolutionNode = FALSE
	EndGlobalSection
	GlobalSection(ExtensibilityGlobals) = postSolution
		SolutionGuid = {CA426137-40C0-498B-9A96-C22AA723DE86}
	EndGlobalSection
EndGlobal
