
Microsoft Visual Studio Solution File, Format Version 12.00
# Visual Studio Version 17
VisualStudioVersion = 17.11.35303.130
MinimumVisualStudioVersion = 10.0.40219.1
Project("{FAE04EC0-301F-11D3-BF4B-00C04F79EFBC}") = "demo", "demo\demo.csproj", "{0FDBB9AA-05D1-40A7-AB17-722BFF70906D}"
EndProject
Project("{FAE04EC0-301F-11D3-BF4B-00C04F79EFBC}") = "Inheritance", "Inheritance\Inheritance.csproj", "{87C1979E-48DE-4592-8B2E-637DE17BAC28}"
EndProject
Global
	GlobalSection(SolutionConfigurationPlatforms) = preSolution
		Debug|Any CPU = Debug|Any CPU
		Release|Any CPU = Release|Any CPU
	EndGlobalSection
	GlobalSection(ProjectConfigurationPlatforms) = postSolution
		{0FDBB9AA-05D1-40A7-AB17-722BFF70906D}.Debug|Any CPU.ActiveCfg = Debug|Any CPU
		{0FDBB9AA-05D1-40A7-AB17-722BFF70906D}.Debug|Any CPU.Build.0 = Debug|Any CPU
		{0FDBB9AA-05D1-40A7-AB17-722BFF70906D}.Release|Any CPU.ActiveCfg = Release|Any CPU
		{0FDBB9AA-05D1-40A7-AB17-722BFF70906D}.Release|Any CPU.Build.0 = Release|Any CPU
		{87C1979E-48DE-4592-8B2E-637DE17BAC28}.Debug|Any CPU.ActiveCfg = Debug|Any CPU
		{87C1979E-48DE-4592-8B2E-637DE17BAC28}.Debug|Any CPU.Build.0 = Debug|Any CPU
		{87C1979E-48DE-4592-8B2E-637DE17BAC28}.Release|Any CPU.ActiveCfg = Release|Any CPU
		{87C1979E-48DE-4592-8B2E-637DE17BAC28}.Release|Any CPU.Build.0 = Release|Any CPU
	EndGlobalSection
	GlobalSection(SolutionProperties) = preSolution
		HideSolutionNode = FALSE
	EndGlobalSection
	GlobalSection(ExtensibilityGlobals) = postSolution
		SolutionGuid = {78C98127-73FF-435E-B529-18AA348BCB70}
	EndGlobalSection
EndGlobal
