
Microsoft Visual Studio Solution File, Format Version 12.00
# Visual Studio Version 17
VisualStudioVersion = 17.13.35806.99 d17.13
MinimumVisualStudioVersion = 10.0.40219.1
Project("{FAE04EC0-301F-11D3-BF4B-00C04F79EFBC}") = "Question2", "Assign-05\Question2.csproj", "{4C9AF9D9-BF95-4336-854E-C457A6385EEE}"
EndProject
Project("{FAE04EC0-301F-11D3-BF4B-00C04F79EFBC}") = "Question3", "Question3\Question3.csproj", "{9DB93AE9-E5D0-4A10-81DC-20477006A458}"
EndProject
Global
	GlobalSection(SolutionConfigurationPlatforms) = preSolution
		Debug|Any CPU = Debug|Any CPU
		Release|Any CPU = Release|Any CPU
	EndGlobalSection
	GlobalSection(ProjectConfigurationPlatforms) = postSolution
		{4C9AF9D9-BF95-4336-854E-C457A6385EEE}.Debug|Any CPU.ActiveCfg = Debug|Any CPU
		{4C9AF9D9-BF95-4336-854E-C457A6385EEE}.Debug|Any CPU.Build.0 = Debug|Any CPU
		{4C9AF9D9-BF95-4336-854E-C457A6385EEE}.Release|Any CPU.ActiveCfg = Release|Any CPU
		{4C9AF9D9-BF95-4336-854E-C457A6385EEE}.Release|Any CPU.Build.0 = Release|Any CPU
		{9DB93AE9-E5D0-4A10-81DC-20477006A458}.Debug|Any CPU.ActiveCfg = Debug|Any CPU
		{9DB93AE9-E5D0-4A10-81DC-20477006A458}.Debug|Any CPU.Build.0 = Debug|Any CPU
		{9DB93AE9-E5D0-4A10-81DC-20477006A458}.Release|Any CPU.ActiveCfg = Release|Any CPU
		{9DB93AE9-E5D0-4A10-81DC-20477006A458}.Release|Any CPU.Build.0 = Release|Any CPU
	EndGlobalSection
	GlobalSection(SolutionProperties) = preSolution
		HideSolutionNode = FALSE
	EndGlobalSection
	GlobalSection(ExtensibilityGlobals) = postSolution
		SolutionGuid = {19CB1D9B-FA2D-46FF-A7EF-9E406D0C3DB0}
	EndGlobalSection
EndGlobal
