
Microsoft Visual Studio Solution File, Format Version 12.00
# Visual Studio Version 17
VisualStudioVersion = 17.11.35303.130
MinimumVisualStudioVersion = 10.0.40219.1
Project("{FAE04EC0-301F-11D3-BF4B-00C04F79EFBC}") = "enum", "enum\enum.csproj", "{EF50B27B-FF25-40F5-B2DE-C511ACBE99F6}"
EndProject
Project("{FAE04EC0-301F-11D3-BF4B-00C04F79EFBC}") = "decorator", "decorator\decorator.csproj", "{010D5A08-2F17-459B-B280-BF7FF7D99B08}"
EndProject
Global
	GlobalSection(SolutionConfigurationPlatforms) = preSolution
		Debug|Any CPU = Debug|Any CPU
		Release|Any CPU = Release|Any CPU
	EndGlobalSection
	GlobalSection(ProjectConfigurationPlatforms) = postSolution
		{EF50B27B-FF25-40F5-B2DE-C511ACBE99F6}.Debug|Any CPU.ActiveCfg = Debug|Any CPU
		{EF50B27B-FF25-40F5-B2DE-C511ACBE99F6}.Debug|Any CPU.Build.0 = Debug|Any CPU
		{EF50B27B-FF25-40F5-B2DE-C511ACBE99F6}.Release|Any CPU.ActiveCfg = Release|Any CPU
		{EF50B27B-FF25-40F5-B2DE-C511ACBE99F6}.Release|Any CPU.Build.0 = Release|Any CPU
		{010D5A08-2F17-459B-B280-BF7FF7D99B08}.Debug|Any CPU.ActiveCfg = Debug|Any CPU
		{010D5A08-2F17-459B-B280-BF7FF7D99B08}.Debug|Any CPU.Build.0 = Debug|Any CPU
		{010D5A08-2F17-459B-B280-BF7FF7D99B08}.Release|Any CPU.ActiveCfg = Release|Any CPU
		{010D5A08-2F17-459B-B280-BF7FF7D99B08}.Release|Any CPU.Build.0 = Release|Any CPU
	EndGlobalSection
	GlobalSection(SolutionProperties) = preSolution
		HideSolutionNode = FALSE
	EndGlobalSection
	GlobalSection(ExtensibilityGlobals) = postSolution
		SolutionGuid = {FCF226A2-BB1B-4E08-AF3B-376F9FAC3FC9}
	EndGlobalSection
EndGlobal
