
Microsoft Visual Studio Solution File, Format Version 12.00
# Visual Studio Version 17
VisualStudioVersion = 17.9.34728.123
MinimumVisualStudioVersion = 10.0.40219.1
Project("{FAE04EC0-301F-11D3-BF4B-00C04F79EFBC}") = "Stack_SinglyLinkedList", "Stack_SinglyLinkeList\Stack_SinglyLinkedList.csproj", "{DEFB4EF1-E2D8-40CE-917B-19B3849C1F9D}"
EndProject
Global
	GlobalSection(SolutionConfigurationPlatforms) = preSolution
		Debug|Any CPU = Debug|Any CPU
		Release|Any CPU = Release|Any CPU
	EndGlobalSection
	GlobalSection(ProjectConfigurationPlatforms) = postSolution
		{DEFB4EF1-E2D8-40CE-917B-19B3849C1F9D}.Debug|Any CPU.ActiveCfg = Debug|Any CPU
		{DEFB4EF1-E2D8-40CE-917B-19B3849C1F9D}.Debug|Any CPU.Build.0 = Debug|Any CPU
		{DEFB4EF1-E2D8-40CE-917B-19B3849C1F9D}.Release|Any CPU.ActiveCfg = Release|Any CPU
		{DEFB4EF1-E2D8-40CE-917B-19B3849C1F9D}.Release|Any CPU.Build.0 = Release|Any CPU
	EndGlobalSection
	GlobalSection(SolutionProperties) = preSolution
		HideSolutionNode = FALSE
	EndGlobalSection
	GlobalSection(ExtensibilityGlobals) = postSolution
		SolutionGuid = {F192E3C9-5346-4994-8AC3-771A172BF7AF}
	EndGlobalSection
EndGlobal
